// !$*UTF8*$!
{
	archiveVersion = 1;
	classes = {
	};
	objectVersion = 46;
	objects = {

/* Begin PBXBuildFile section */
		04170101C811EC700F2CF662 /* Pods_YSWeiboUITests.framework in Frameworks */ = {isa = PBXBuildFile; fileRef = 2C672C82BE658EDD9EA21E81 /* Pods_YSWeiboUITests.framework */; };
		0942938E1F21C087008F3515 /* PopupViewController.swift in Sources */ = {isa = PBXBuildFile; fileRef = 0942938C1F21C087008F3515 /* PopupViewController.swift */; };
		0942938F1F21C087008F3515 /* PopupViewController.xib in Resources */ = {isa = PBXBuildFile; fileRef = 0942938D1F21C087008F3515 /* PopupViewController.xib */; };
		094293911F22076B008F3515 /* UIHomePresentationController.swift in Sources */ = {isa = PBXBuildFile; fileRef = 094293901F22076B008F3515 /* UIHomePresentationController.swift */; };
		094293931F222290008F3515 /* TitleButton.swift in Sources */ = {isa = PBXBuildFile; fileRef = 094293921F222290008F3515 /* TitleButton.swift */; };
		095341A31F16919400297D2C /* AppDelegate.swift in Sources */ = {isa = PBXBuildFile; fileRef = 095341A21F16919400297D2C /* AppDelegate.swift */; };
		095341A51F16919400297D2C /* ViewController.swift in Sources */ = {isa = PBXBuildFile; fileRef = 095341A41F16919400297D2C /* ViewController.swift */; };
		095341A81F16919400297D2C /* Main.storyboard in Resources */ = {isa = PBXBuildFile; fileRef = 095341A61F16919400297D2C /* Main.storyboard */; };
		095341AA1F16919400297D2C /* Assets.xcassets in Resources */ = {isa = PBXBuildFile; fileRef = 095341A91F16919400297D2C /* Assets.xcassets */; };
		095341AD1F16919400297D2C /* LaunchScreen.storyboard in Resources */ = {isa = PBXBuildFile; fileRef = 095341AB1F16919400297D2C /* LaunchScreen.storyboard */; };
		095341B81F16919400297D2C /* YSWeiboTests.swift in Sources */ = {isa = PBXBuildFile; fileRef = 095341B71F16919400297D2C /* YSWeiboTests.swift */; };
		095341C31F16919400297D2C /* YSWeiboUITests.swift in Sources */ = {isa = PBXBuildFile; fileRef = 095341C21F16919400297D2C /* YSWeiboUITests.swift */; };
		095341D71F16966F00297D2C /* MainViewController.swift in Sources */ = {isa = PBXBuildFile; fileRef = 095341D61F16966F00297D2C /* MainViewController.swift */; };
		095341D91F16976B00297D2C /* HomeViewController.swift in Sources */ = {isa = PBXBuildFile; fileRef = 095341D81F16976B00297D2C /* HomeViewController.swift */; };
		095341DB1F1699FE00297D2C /* DiscoverViewController.swift in Sources */ = {isa = PBXBuildFile; fileRef = 095341DA1F1699FE00297D2C /* DiscoverViewController.swift */; };
		095341DD1F169A0E00297D2C /* MessageViewController.swift in Sources */ = {isa = PBXBuildFile; fileRef = 095341DC1F169A0E00297D2C /* MessageViewController.swift */; };
		095341DF1F169A1C00297D2C /* ProfileViewController.swift in Sources */ = {isa = PBXBuildFile; fileRef = 095341DE1F169A1C00297D2C /* ProfileViewController.swift */; };
		095341E11F17496100297D2C /* MainVCSettings.json in Resources */ = {isa = PBXBuildFile; fileRef = 095341E01F17496100297D2C /* MainVCSettings.json */; };
		096DE8B51F1C7550002973E4 /* UIButton-Extension.swift in Sources */ = {isa = PBXBuildFile; fileRef = 096DE8B41F1C7550002973E4 /* UIButton-Extension.swift */; };
		096DE8B71F1C75B1002973E4 /* UIButtonItem-Extension.swift in Sources */ = {isa = PBXBuildFile; fileRef = 096DE8B61F1C75B1002973E4 /* UIButtonItem-Extension.swift */; };
		0978FCFA1F189C7700DDF284 /* Home.storyboard in Resources */ = {isa = PBXBuildFile; fileRef = 0978FCF81F189C7700DDF284 /* Home.storyboard */; };
		0978FCFD1F189C9D00DDF284 /* Message.storyboard in Resources */ = {isa = PBXBuildFile; fileRef = 0978FCFB1F189C9D00DDF284 /* Message.storyboard */; };
		0978FD001F189CB400DDF284 /* Discover.storyboard in Resources */ = {isa = PBXBuildFile; fileRef = 0978FCFE1F189CB400DDF284 /* Discover.storyboard */; };
		0978FD031F189CCB00DDF284 /* Profile.storyboard in Resources */ = {isa = PBXBuildFile; fileRef = 0978FD011F189CCB00DDF284 /* Profile.storyboard */; };
		0978FD0A1F1B45EF00DDF284 /* VisitorView.swift in Sources */ = {isa = PBXBuildFile; fileRef = 0978FD091F1B45EF00DDF284 /* VisitorView.swift */; };
		09B60B6E1F30513F00275921 /* NetworkManager.swift in Sources */ = {isa = PBXBuildFile; fileRef = 09B60B6D1F30513F00275921 /* NetworkManager.swift */; };
		09B60B701F30517B00275921 /* NetworkManagerProtocol.swift in Sources */ = {isa = PBXBuildFile; fileRef = 09B60B6F1F30517B00275921 /* NetworkManagerProtocol.swift */; };
		09B60B761F30868D00275921 /* NetworkManagerFactory.swift in Sources */ = {isa = PBXBuildFile; fileRef = 09B60B751F30868D00275921 /* NetworkManagerFactory.swift */; };
		09DF6D0E1F1B466A0042A30E /* VistorView.xib in Resources */ = {isa = PBXBuildFile; fileRef = 09DF6D0D1F1B466A0042A30E /* VistorView.xib */; };
		09DF6D121F1B48890042A30E /* BaseViewController.swift in Sources */ = {isa = PBXBuildFile; fileRef = 09DF6D111F1B48890042A30E /* BaseViewController.swift */; };
		2360DB693F0705D0A94EA7EE /* Pods_YSWeiboTests.framework in Frameworks */ = {isa = PBXBuildFile; fileRef = D32D8BDA243A413D12404D8A /* Pods_YSWeiboTests.framework */; };
		94CF8C541F29AB7800262B1C /* PopoverAnimator.swift in Sources */ = {isa = PBXBuildFile; fileRef = 94CF8C531F29AB7800262B1C /* PopoverAnimator.swift */; };
		A41A5CAAF2C6C768FCACB690 /* Pods_YSWeibo.framework in Frameworks */ = {isa = PBXBuildFile; fileRef = 449A84488EFBD9C49E102275 /* Pods_YSWeibo.framework */; };
/* End PBXBuildFile section */

/* Begin PBXContainerItemProxy section */
		095341B41F16919400297D2C /* PBXContainerItemProxy */ = {
			isa = PBXContainerItemProxy;
			containerPortal = 095341971F16919300297D2C /* Project object */;
			proxyType = 1;
			remoteGlobalIDString = 0953419E1F16919400297D2C;
			remoteInfo = YSWeibo;
		};
		095341BF1F16919400297D2C /* PBXContainerItemProxy */ = {
			isa = PBXContainerItemProxy;
			containerPortal = 095341971F16919300297D2C /* Project object */;
			proxyType = 1;
			remoteGlobalIDString = 0953419E1F16919400297D2C;
			remoteInfo = YSWeibo;
		};
/* End PBXContainerItemProxy section */

/* Begin PBXFileReference section */
		0942938C1F21C087008F3515 /* PopupViewController.swift */ = {isa = PBXFileReference; fileEncoding = 4; lastKnownFileType = sourcecode.swift; path = PopupViewController.swift; sourceTree = "<group>"; };
		0942938D1F21C087008F3515 /* PopupViewController.xib */ = {isa = PBXFileReference; fileEncoding = 4; lastKnownFileType = file.xib; path = PopupViewController.xib; sourceTree = "<group>"; };
		094293901F22076B008F3515 /* UIHomePresentationController.swift */ = {isa = PBXFileReference; fileEncoding = 4; lastKnownFileType = sourcecode.swift; path = UIHomePresentationController.swift; sourceTree = "<group>"; };
		094293921F222290008F3515 /* TitleButton.swift */ = {isa = PBXFileReference; fileEncoding = 4; lastKnownFileType = sourcecode.swift; path = TitleButton.swift; sourceTree = "<group>"; };
		0953419F1F16919400297D2C /* YSWeibo.app */ = {isa = PBXFileReference; explicitFileType = wrapper.application; includeInIndex = 0; path = YSWeibo.app; sourceTree = BUILT_PRODUCTS_DIR; };
		095341A21F16919400297D2C /* AppDelegate.swift */ = {isa = PBXFileReference; lastKnownFileType = sourcecode.swift; path = AppDelegate.swift; sourceTree = "<group>"; };
		095341A41F16919400297D2C /* ViewController.swift */ = {isa = PBXFileReference; lastKnownFileType = sourcecode.swift; path = ViewController.swift; sourceTree = "<group>"; };
		095341A71F16919400297D2C /* Base */ = {isa = PBXFileReference; lastKnownFileType = file.storyboard; name = Base; path = Base.lproj/Main.storyboard; sourceTree = "<group>"; };
		095341A91F16919400297D2C /* Assets.xcassets */ = {isa = PBXFileReference; lastKnownFileType = folder.assetcatalog; path = Assets.xcassets; sourceTree = "<group>"; };
		095341AC1F16919400297D2C /* Base */ = {isa = PBXFileReference; lastKnownFileType = file.storyboard; name = Base; path = Base.lproj/LaunchScreen.storyboard; sourceTree = "<group>"; };
		095341AE1F16919400297D2C /* Info.plist */ = {isa = PBXFileReference; lastKnownFileType = text.plist.xml; path = Info.plist; sourceTree = "<group>"; };
		095341B31F16919400297D2C /* YSWeiboTests.xctest */ = {isa = PBXFileReference; explicitFileType = wrapper.cfbundle; includeInIndex = 0; path = YSWeiboTests.xctest; sourceTree = BUILT_PRODUCTS_DIR; };
		095341B71F16919400297D2C /* YSWeiboTests.swift */ = {isa = PBXFileReference; lastKnownFileType = sourcecode.swift; path = YSWeiboTests.swift; sourceTree = "<group>"; };
		095341B91F16919400297D2C /* Info.plist */ = {isa = PBXFileReference; lastKnownFileType = text.plist.xml; path = Info.plist; sourceTree = "<group>"; };
		095341BE1F16919400297D2C /* YSWeiboUITests.xctest */ = {isa = PBXFileReference; explicitFileType = wrapper.cfbundle; includeInIndex = 0; path = YSWeiboUITests.xctest; sourceTree = BUILT_PRODUCTS_DIR; };
		095341C21F16919400297D2C /* YSWeiboUITests.swift */ = {isa = PBXFileReference; lastKnownFileType = sourcecode.swift; path = YSWeiboUITests.swift; sourceTree = "<group>"; };
		095341C41F16919400297D2C /* Info.plist */ = {isa = PBXFileReference; lastKnownFileType = text.plist.xml; path = Info.plist; sourceTree = "<group>"; };
		095341D61F16966F00297D2C /* MainViewController.swift */ = {isa = PBXFileReference; fileEncoding = 4; lastKnownFileType = sourcecode.swift; path = MainViewController.swift; sourceTree = "<group>"; };
		095341D81F16976B00297D2C /* HomeViewController.swift */ = {isa = PBXFileReference; fileEncoding = 4; lastKnownFileType = sourcecode.swift; path = HomeViewController.swift; sourceTree = "<group>"; };
		095341DA1F1699FE00297D2C /* DiscoverViewController.swift */ = {isa = PBXFileReference; fileEncoding = 4; lastKnownFileType = sourcecode.swift; path = DiscoverViewController.swift; sourceTree = "<group>"; };
		095341DC1F169A0E00297D2C /* MessageViewController.swift */ = {isa = PBXFileReference; fileEncoding = 4; lastKnownFileType = sourcecode.swift; path = MessageViewController.swift; sourceTree = "<group>"; };
		095341DE1F169A1C00297D2C /* ProfileViewController.swift */ = {isa = PBXFileReference; fileEncoding = 4; lastKnownFileType = sourcecode.swift; path = ProfileViewController.swift; sourceTree = "<group>"; };
		095341E01F17496100297D2C /* MainVCSettings.json */ = {isa = PBXFileReference; fileEncoding = 4; lastKnownFileType = text.json; path = MainVCSettings.json; sourceTree = "<group>"; };
		096DE8B41F1C7550002973E4 /* UIButton-Extension.swift */ = {isa = PBXFileReference; fileEncoding = 4; lastKnownFileType = sourcecode.swift; path = "UIButton-Extension.swift"; sourceTree = "<group>"; };
		096DE8B61F1C75B1002973E4 /* UIButtonItem-Extension.swift */ = {isa = PBXFileReference; fileEncoding = 4; lastKnownFileType = sourcecode.swift; path = "UIButtonItem-Extension.swift"; sourceTree = "<group>"; };
		0978FCF91F189C7700DDF284 /* Base */ = {isa = PBXFileReference; lastKnownFileType = file.storyboard; name = Base; path = Base.lproj/Home.storyboard; sourceTree = "<group>"; };
		0978FCFC1F189C9D00DDF284 /* Base */ = {isa = PBXFileReference; lastKnownFileType = file.storyboard; name = Base; path = Base.lproj/Message.storyboard; sourceTree = "<group>"; };
		0978FCFF1F189CB400DDF284 /* Base */ = {isa = PBXFileReference; lastKnownFileType = file.storyboard; name = Base; path = Base.lproj/Discover.storyboard; sourceTree = "<group>"; };
		0978FD021F189CCB00DDF284 /* Base */ = {isa = PBXFileReference; lastKnownFileType = file.storyboard; name = Base; path = Base.lproj/Profile.storyboard; sourceTree = "<group>"; };
		0978FD091F1B45EF00DDF284 /* VisitorView.swift */ = {isa = PBXFileReference; fileEncoding = 4; lastKnownFileType = sourcecode.swift; path = VisitorView.swift; sourceTree = "<group>"; };
		09B60B6D1F30513F00275921 /* NetworkManager.swift */ = {isa = PBXFileReference; fileEncoding = 4; lastKnownFileType = sourcecode.swift; path = NetworkManager.swift; sourceTree = "<group>"; };
		09B60B6F1F30517B00275921 /* NetworkManagerProtocol.swift */ = {isa = PBXFileReference; fileEncoding = 4; lastKnownFileType = sourcecode.swift; path = NetworkManagerProtocol.swift; sourceTree = "<group>"; };
		09B60B751F30868D00275921 /* NetworkManagerFactory.swift */ = {isa = PBXFileReference; fileEncoding = 4; lastKnownFileType = sourcecode.swift; path = NetworkManagerFactory.swift; sourceTree = "<group>"; };
		09DF6D0D1F1B466A0042A30E /* VistorView.xib */ = {isa = PBXFileReference; fileEncoding = 4; lastKnownFileType = file.xib; path = VistorView.xib; sourceTree = "<group>"; };
		09DF6D111F1B48890042A30E /* BaseViewController.swift */ = {isa = PBXFileReference; fileEncoding = 4; lastKnownFileType = sourcecode.swift; path = BaseViewController.swift; sourceTree = "<group>"; };
		1ED8B841D1596E9E5814A229 /* Pods-YSWeiboUITests.debug.xcconfig */ = {isa = PBXFileReference; includeInIndex = 1; lastKnownFileType = text.xcconfig; name = "Pods-YSWeiboUITests.debug.xcconfig"; path = "Pods/Target Support Files/Pods-YSWeiboUITests/Pods-YSWeiboUITests.debug.xcconfig"; sourceTree = "<group>"; };
		2C672C82BE658EDD9EA21E81 /* Pods_YSWeiboUITests.framework */ = {isa = PBXFileReference; explicitFileType = wrapper.framework; includeInIndex = 0; path = Pods_YSWeiboUITests.framework; sourceTree = BUILT_PRODUCTS_DIR; };
		449A84488EFBD9C49E102275 /* Pods_YSWeibo.framework */ = {isa = PBXFileReference; explicitFileType = wrapper.framework; includeInIndex = 0; path = Pods_YSWeibo.framework; sourceTree = BUILT_PRODUCTS_DIR; };
		51F541793794589C3F08E028 /* Pods-YSWeiboTests.release.xcconfig */ = {isa = PBXFileReference; includeInIndex = 1; lastKnownFileType = text.xcconfig; name = "Pods-YSWeiboTests.release.xcconfig"; path = "Pods/Target Support Files/Pods-YSWeiboTests/Pods-YSWeiboTests.release.xcconfig"; sourceTree = "<group>"; };
		59448915BD58BE9803EDCB99 /* Pods-YSWeibo.debug.xcconfig */ = {isa = PBXFileReference; includeInIndex = 1; lastKnownFileType = text.xcconfig; name = "Pods-YSWeibo.debug.xcconfig"; path = "Pods/Target Support Files/Pods-YSWeibo/Pods-YSWeibo.debug.xcconfig"; sourceTree = "<group>"; };
		5C9E1BBD86C0B4B146F51530 /* Pods-YSWeiboUITests.release.xcconfig */ = {isa = PBXFileReference; includeInIndex = 1; lastKnownFileType = text.xcconfig; name = "Pods-YSWeiboUITests.release.xcconfig"; path = "Pods/Target Support Files/Pods-YSWeiboUITests/Pods-YSWeiboUITests.release.xcconfig"; sourceTree = "<group>"; };
		6C7B97A0DE8D29D5DAB091AE /* Pods-YSWeibo.release.xcconfig */ = {isa = PBXFileReference; includeInIndex = 1; lastKnownFileType = text.xcconfig; name = "Pods-YSWeibo.release.xcconfig"; path = "Pods/Target Support Files/Pods-YSWeibo/Pods-YSWeibo.release.xcconfig"; sourceTree = "<group>"; };
		94CF8C531F29AB7800262B1C /* PopoverAnimator.swift */ = {isa = PBXFileReference; fileEncoding = 4; lastKnownFileType = sourcecode.swift; path = PopoverAnimator.swift; sourceTree = "<group>"; };
		A9E2774F97D8BFA6486FF183 /* Pods-YSWeiboTests.debug.xcconfig */ = {isa = PBXFileReference; includeInIndex = 1; lastKnownFileType = text.xcconfig; name = "Pods-YSWeiboTests.debug.xcconfig"; path = "Pods/Target Support Files/Pods-YSWeiboTests/Pods-YSWeiboTests.debug.xcconfig"; sourceTree = "<group>"; };
		D32D8BDA243A413D12404D8A /* Pods_YSWeiboTests.framework */ = {isa = PBXFileReference; explicitFileType = wrapper.framework; includeInIndex = 0; path = Pods_YSWeiboTests.framework; sourceTree = BUILT_PRODUCTS_DIR; };
/* End PBXFileReference section */

/* Begin PBXFrameworksBuildPhase section */
		0953419C1F16919400297D2C /* Frameworks */ = {
			isa = PBXFrameworksBuildPhase;
			buildActionMask = 2147483647;
			files = (
				A41A5CAAF2C6C768FCACB690 /* Pods_YSWeibo.framework in Frameworks */,
			);
			runOnlyForDeploymentPostprocessing = 0;
		};
		095341B01F16919400297D2C /* Frameworks */ = {
			isa = PBXFrameworksBuildPhase;
			buildActionMask = 2147483647;
			files = (
				2360DB693F0705D0A94EA7EE /* Pods_YSWeiboTests.framework in Frameworks */,
			);
			runOnlyForDeploymentPostprocessing = 0;
		};
		095341BB1F16919400297D2C /* Frameworks */ = {
			isa = PBXFrameworksBuildPhase;
			buildActionMask = 2147483647;
			files = (
				04170101C811EC700F2CF662 /* Pods_YSWeiboUITests.framework in Frameworks */,
			);
			runOnlyForDeploymentPostprocessing = 0;
		};
/* End PBXFrameworksBuildPhase section */

/* Begin PBXGroup section */
		0942938B1F21C054008F3515 /* Popup */ = {
			isa = PBXGroup;
			children = (
				0942938C1F21C087008F3515 /* PopupViewController.swift */,
				0942938D1F21C087008F3515 /* PopupViewController.xib */,
				094293901F22076B008F3515 /* UIHomePresentationController.swift */,
				94CF8C531F29AB7800262B1C /* PopoverAnimator.swift */,
			);
			path = Popup;
			sourceTree = "<group>";
		};
		095341961F16919300297D2C = {
			isa = PBXGroup;
			children = (
				095341A11F16919400297D2C /* YSWeibo */,
				095341B61F16919400297D2C /* YSWeiboTests */,
				095341C11F16919400297D2C /* YSWeiboUITests */,
				095341A01F16919400297D2C /* Products */,
				D66CBF073C7491EB1B54248B /* Pods */,
				41C9D6E63EACA6486246D3FA /* Frameworks */,
			);
			sourceTree = "<group>";
		};
		095341A01F16919400297D2C /* Products */ = {
			isa = PBXGroup;
			children = (
				0953419F1F16919400297D2C /* YSWeibo.app */,
				095341B31F16919400297D2C /* YSWeiboTests.xctest */,
				095341BE1F16919400297D2C /* YSWeiboUITests.xctest */,
			);
			name = Products;
			sourceTree = "<group>";
		};
		095341A11F16919400297D2C /* YSWeibo */ = {
			isa = PBXGroup;
			children = (
				095341D01F16944100297D2C /* Classes */,
				095341A21F16919400297D2C /* AppDelegate.swift */,
				095341A41F16919400297D2C /* ViewController.swift */,
				095341A61F16919400297D2C /* Main.storyboard */,
				095341A91F16919400297D2C /* Assets.xcassets */,
				095341AB1F16919400297D2C /* LaunchScreen.storyboard */,
				095341AE1F16919400297D2C /* Info.plist */,
				095341E01F17496100297D2C /* MainVCSettings.json */,
			);
			path = YSWeibo;
			sourceTree = "<group>";
		};
		095341B61F16919400297D2C /* YSWeiboTests */ = {
			isa = PBXGroup;
			children = (
				095341B71F16919400297D2C /* YSWeiboTests.swift */,
				095341B91F16919400297D2C /* Info.plist */,
			);
			path = YSWeiboTests;
			sourceTree = "<group>";
		};
		095341C11F16919400297D2C /* YSWeiboUITests */ = {
			isa = PBXGroup;
			children = (
				095341C21F16919400297D2C /* YSWeiboUITests.swift */,
				095341C41F16919400297D2C /* Info.plist */,
			);
			path = YSWeiboUITests;
			sourceTree = "<group>";
		};
		095341D01F16944100297D2C /* Classes */ = {
			isa = PBXGroup;
			children = (
				09B60B6C1F3050EC00275921 /* Manager */,
				09DF6D0F1F1B48520042A30E /* Base */,
				095341D31F16944100297D2C /* Main */,
				095341D21F16944100297D2C /* Home */,
				095341D41F16944100297D2C /* Message */,
				095341D11F16944100297D2C /* Discover */,
				095341D51F16944100297D2C /* Profile */,
				0978FD041F1A0C5F00DDF284 /* Tools */,
			);
			path = Classes;
			sourceTree = "<group>";
		};
		095341D11F16944100297D2C /* Discover */ = {
			isa = PBXGroup;
			children = (
				0978FCFE1F189CB400DDF284 /* Discover.storyboard */,
				095341DA1F1699FE00297D2C /* DiscoverViewController.swift */,
			);
			path = Discover;
			sourceTree = "<group>";
		};
		095341D21F16944100297D2C /* Home */ = {
			isa = PBXGroup;
			children = (
				0942938B1F21C054008F3515 /* Popup */,
				0978FCF81F189C7700DDF284 /* Home.storyboard */,
				095341D81F16976B00297D2C /* HomeViewController.swift */,
			);
			path = Home;
			sourceTree = "<group>";
		};
		095341D31F16944100297D2C /* Main */ = {
			isa = PBXGroup;
			children = (
				0978FD081F1B45C500DDF284 /* Visitor */,
				095341D61F16966F00297D2C /* MainViewController.swift */,
			);
			path = Main;
			sourceTree = "<group>";
		};
		095341D41F16944100297D2C /* Message */ = {
			isa = PBXGroup;
			children = (
				0978FCFB1F189C9D00DDF284 /* Message.storyboard */,
				095341DC1F169A0E00297D2C /* MessageViewController.swift */,
			);
			path = Message;
			sourceTree = "<group>";
		};
		095341D51F16944100297D2C /* Profile */ = {
			isa = PBXGroup;
			children = (
				0978FD011F189CCB00DDF284 /* Profile.storyboard */,
				095341DE1F169A1C00297D2C /* ProfileViewController.swift */,
			);
			path = Profile;
			sourceTree = "<group>";
		};
		0978FD041F1A0C5F00DDF284 /* Tools */ = {
			isa = PBXGroup;
			children = (
				0978FD051F1A0C5F00DDF284 /* Category */,
			);
			path = Tools;
			sourceTree = "<group>";
		};
		0978FD051F1A0C5F00DDF284 /* Category */ = {
			isa = PBXGroup;
			children = (
				096DE8B41F1C7550002973E4 /* UIButton-Extension.swift */,
				096DE8B61F1C75B1002973E4 /* UIButtonItem-Extension.swift */,
				094293921F222290008F3515 /* TitleButton.swift */,
			);
			path = Category;
			sourceTree = "<group>";
		};
		0978FD081F1B45C500DDF284 /* Visitor */ = {
			isa = PBXGroup;
			children = (
				0978FD091F1B45EF00DDF284 /* VisitorView.swift */,
				09DF6D0D1F1B466A0042A30E /* VistorView.xib */,
			);
			path = Visitor;
			sourceTree = "<group>";
		};
		09B60B6C1F3050EC00275921 /* Manager */ = {
			isa = PBXGroup;
			children = (
				09B60B6D1F30513F00275921 /* NetworkManager.swift */,
				09B60B6F1F30517B00275921 /* NetworkManagerProtocol.swift */,
				09B60B751F30868D00275921 /* NetworkManagerFactory.swift */,
			);
			path = Manager;
			sourceTree = "<group>";
		};
		09DF6D0F1F1B48520042A30E /* Base */ = {
			isa = PBXGroup;
			children = (
				09DF6D101F1B48660042A30E /* ViewController */,
			);
			path = Base;
			sourceTree = "<group>";
		};
		09DF6D101F1B48660042A30E /* ViewController */ = {
			isa = PBXGroup;
			children = (
				09DF6D111F1B48890042A30E /* BaseViewController.swift */,
			);
			path = ViewController;
			sourceTree = "<group>";
		};
		41C9D6E63EACA6486246D3FA /* Frameworks */ = {
			isa = PBXGroup;
			children = (
				449A84488EFBD9C49E102275 /* Pods_YSWeibo.framework */,
				D32D8BDA243A413D12404D8A /* Pods_YSWeiboTests.framework */,
				2C672C82BE658EDD9EA21E81 /* Pods_YSWeiboUITests.framework */,
			);
			name = Frameworks;
			sourceTree = "<group>";
		};
		D66CBF073C7491EB1B54248B /* Pods */ = {
			isa = PBXGroup;
			children = (
				59448915BD58BE9803EDCB99 /* Pods-YSWeibo.debug.xcconfig */,
				6C7B97A0DE8D29D5DAB091AE /* Pods-YSWeibo.release.xcconfig */,
				A9E2774F97D8BFA6486FF183 /* Pods-YSWeiboTests.debug.xcconfig */,
				51F541793794589C3F08E028 /* Pods-YSWeiboTests.release.xcconfig */,
				1ED8B841D1596E9E5814A229 /* Pods-YSWeiboUITests.debug.xcconfig */,
				5C9E1BBD86C0B4B146F51530 /* Pods-YSWeiboUITests.release.xcconfig */,
			);
			name = Pods;
			sourceTree = "<group>";
		};
/* End PBXGroup section */

/* Begin PBXNativeTarget section */
		0953419E1F16919400297D2C /* YSWeibo */ = {
			isa = PBXNativeTarget;
			buildConfigurationList = 095341C71F16919400297D2C /* Build configuration list for PBXNativeTarget "YSWeibo" */;
			buildPhases = (
				5D8769F58743A183A6914A37 /* [CP] Check Pods Manifest.lock */,
				0953419B1F16919400297D2C /* Sources */,
				0953419C1F16919400297D2C /* Frameworks */,
				0953419D1F16919400297D2C /* Resources */,
				50F4B805D285645E189A38BA /* [CP] Embed Pods Frameworks */,
				5F1211B5245D2070046A27A6 /* [CP] Copy Pods Resources */,
			);
			buildRules = (
			);
			dependencies = (
			);
			name = YSWeibo;
			productName = YSWeibo;
			productReference = 0953419F1F16919400297D2C /* YSWeibo.app */;
			productType = "com.apple.product-type.application";
		};
		095341B21F16919400297D2C /* YSWeiboTests */ = {
			isa = PBXNativeTarget;
			buildConfigurationList = 095341CA1F16919400297D2C /* Build configuration list for PBXNativeTarget "YSWeiboTests" */;
			buildPhases = (
				DC163A1BA5B59A5941B331B9 /* [CP] Check Pods Manifest.lock */,
				095341AF1F16919400297D2C /* Sources */,
				095341B01F16919400297D2C /* Frameworks */,
				095341B11F16919400297D2C /* Resources */,
				54E059A10B339FB50364B6C1 /* [CP] Embed Pods Frameworks */,
				14842B244C91D27750F885FC /* [CP] Copy Pods Resources */,
			);
			buildRules = (
			);
			dependencies = (
				095341B51F16919400297D2C /* PBXTargetDependency */,
			);
			name = YSWeiboTests;
			productName = YSWeiboTests;
			productReference = 095341B31F16919400297D2C /* YSWeiboTests.xctest */;
			productType = "com.apple.product-type.bundle.unit-test";
		};
		095341BD1F16919400297D2C /* YSWeiboUITests */ = {
			isa = PBXNativeTarget;
			buildConfigurationList = 095341CD1F16919400297D2C /* Build configuration list for PBXNativeTarget "YSWeiboUITests" */;
			buildPhases = (
				544DD1FF44AA317A07408568 /* [CP] Check Pods Manifest.lock */,
				095341BA1F16919400297D2C /* Sources */,
				095341BB1F16919400297D2C /* Frameworks */,
				095341BC1F16919400297D2C /* Resources */,
				6238081380B2253CCEBF5F4B /* [CP] Embed Pods Frameworks */,
				F2C958F2D3C5FF37CDD4DD00 /* [CP] Copy Pods Resources */,
			);
			buildRules = (
			);
			dependencies = (
				095341C01F16919400297D2C /* PBXTargetDependency */,
			);
			name = YSWeiboUITests;
			productName = YSWeiboUITests;
			productReference = 095341BE1F16919400297D2C /* YSWeiboUITests.xctest */;
			productType = "com.apple.product-type.bundle.ui-testing";
		};
/* End PBXNativeTarget section */

/* Begin PBXProject section */
		095341971F16919300297D2C /* Project object */ = {
			isa = PBXProject;
			attributes = {
				LastSwiftUpdateCheck = 0830;
				LastUpgradeCheck = 0830;
				ORGANIZATIONNAME = ImL1s;
				TargetAttributes = {
					0953419E1F16919400297D2C = {
						CreatedOnToolsVersion = 8.3.3;
						DevelopmentTeam = ZAZT4JZ625;
						ProvisioningStyle = Automatic;
					};
					095341B21F16919400297D2C = {
						CreatedOnToolsVersion = 8.3.3;
						DevelopmentTeam = ZAZT4JZ625;
						ProvisioningStyle = Automatic;
						TestTargetID = 0953419E1F16919400297D2C;
					};
					095341BD1F16919400297D2C = {
						CreatedOnToolsVersion = 8.3.3;
						DevelopmentTeam = ZAZT4JZ625;
						ProvisioningStyle = Automatic;
						TestTargetID = 0953419E1F16919400297D2C;
					};
				};
			};
			buildConfigurationList = 0953419A1F16919300297D2C /* Build configuration list for PBXProject "YSWeibo" */;
			compatibilityVersion = "Xcode 3.2";
			developmentRegion = English;
			hasScannedForEncodings = 0;
			knownRegions = (
				en,
				Base,
			);
			mainGroup = 095341961F16919300297D2C;
			productRefGroup = 095341A01F16919400297D2C /* Products */;
			projectDirPath = "";
			projectRoot = "";
			targets = (
				0953419E1F16919400297D2C /* YSWeibo */,
				095341B21F16919400297D2C /* YSWeiboTests */,
				095341BD1F16919400297D2C /* YSWeiboUITests */,
			);
		};
/* End PBXProject section */

/* Begin PBXResourcesBuildPhase section */
		0953419D1F16919400297D2C /* Resources */ = {
			isa = PBXResourcesBuildPhase;
			buildActionMask = 2147483647;
			files = (
				095341AD1F16919400297D2C /* LaunchScreen.storyboard in Resources */,
				0978FCFA1F189C7700DDF284 /* Home.storyboard in Resources */,
				0978FD031F189CCB00DDF284 /* Profile.storyboard in Resources */,
				095341AA1F16919400297D2C /* Assets.xcassets in Resources */,
				09DF6D0E1F1B466A0042A30E /* VistorView.xib in Resources */,
				095341E11F17496100297D2C /* MainVCSettings.json in Resources */,
				0978FCFD1F189C9D00DDF284 /* Message.storyboard in Resources */,
				0942938F1F21C087008F3515 /* PopupViewController.xib in Resources */,
				0978FD001F189CB400DDF284 /* Discover.storyboard in Resources */,
				095341A81F16919400297D2C /* Main.storyboard in Resources */,
			);
			runOnlyForDeploymentPostprocessing = 0;
		};
		095341B11F16919400297D2C /* Resources */ = {
			isa = PBXResourcesBuildPhase;
			buildActionMask = 2147483647;
			files = (
			);
			runOnlyForDeploymentPostprocessing = 0;
		};
		095341BC1F16919400297D2C /* Resources */ = {
			isa = PBXResourcesBuildPhase;
			buildActionMask = 2147483647;
			files = (
			);
			runOnlyForDeploymentPostprocessing = 0;
		};
/* End PBXResourcesBuildPhase section */

/* Begin PBXShellScriptBuildPhase section */
		14842B244C91D27750F885FC /* [CP] Copy Pods Resources */ = {
			isa = PBXShellScriptBuildPhase;
			buildActionMask = 2147483647;
			files = (
			);
			inputPaths = (
			);
			name = "[CP] Copy Pods Resources";
			outputPaths = (
			);
			runOnlyForDeploymentPostprocessing = 0;
			shellPath = /bin/sh;
			shellScript = "\"${SRCROOT}/Pods/Target Support Files/Pods-YSWeiboTests/Pods-YSWeiboTests-resources.sh\"\n";
			showEnvVarsInLog = 0;
		};
		50F4B805D285645E189A38BA /* [CP] Embed Pods Frameworks */ = {
			isa = PBXShellScriptBuildPhase;
			buildActionMask = 2147483647;
			files = (
			);
			inputPaths = (
			);
			name = "[CP] Embed Pods Frameworks";
			outputPaths = (
			);
			runOnlyForDeploymentPostprocessing = 0;
			shellPath = /bin/sh;
			shellScript = "\"${SRCROOT}/Pods/Target Support Files/Pods-YSWeibo/Pods-YSWeibo-frameworks.sh\"\n";
			showEnvVarsInLog = 0;
		};
		544DD1FF44AA317A07408568 /* [CP] Check Pods Manifest.lock */ = {
			isa = PBXShellScriptBuildPhase;
			buildActionMask = 2147483647;
			files = (
			);
			inputPaths = (
			);
			name = "[CP] Check Pods Manifest.lock";
			outputPaths = (
			);
			runOnlyForDeploymentPostprocessing = 0;
			shellPath = /bin/sh;
			shellScript = "diff \"${PODS_PODFILE_DIR_PATH}/Podfile.lock\" \"${PODS_ROOT}/Manifest.lock\" > /dev/null\nif [ $? != 0 ] ; then\n    # print error to STDERR\n    echo \"error: The sandbox is not in sync with the Podfile.lock. Run 'pod install' or update your CocoaPods installation.\" >&2\n    exit 1\nfi\n";
			showEnvVarsInLog = 0;
		};
		54E059A10B339FB50364B6C1 /* [CP] Embed Pods Frameworks */ = {
			isa = PBXShellScriptBuildPhase;
			buildActionMask = 2147483647;
			files = (
			);
			inputPaths = (
			);
			name = "[CP] Embed Pods Frameworks";
			outputPaths = (
			);
			runOnlyForDeploymentPostprocessing = 0;
			shellPath = /bin/sh;
			shellScript = "\"${SRCROOT}/Pods/Target Support Files/Pods-YSWeiboTests/Pods-YSWeiboTests-frameworks.sh\"\n";
			showEnvVarsInLog = 0;
		};
		5D8769F58743A183A6914A37 /* [CP] Check Pods Manifest.lock */ = {
			isa = PBXShellScriptBuildPhase;
			buildActionMask = 2147483647;
			files = (
			);
			inputPaths = (
			);
			name = "[CP] Check Pods Manifest.lock";
			outputPaths = (
			);
			runOnlyForDeploymentPostprocessing = 0;
			shellPath = /bin/sh;
			shellScript = "diff \"${PODS_PODFILE_DIR_PATH}/Podfile.lock\" \"${PODS_ROOT}/Manifest.lock\" > /dev/null\nif [ $? != 0 ] ; then\n    # print error to STDERR\n    echo \"error: The sandbox is not in sync with the Podfile.lock. Run 'pod install' or update your CocoaPods installation.\" >&2\n    exit 1\nfi\n";
			showEnvVarsInLog = 0;
		};
		5F1211B5245D2070046A27A6 /* [CP] Copy Pods Resources */ = {
			isa = PBXShellScriptBuildPhase;
			buildActionMask = 2147483647;
			files = (
			);
			inputPaths = (
			);
			name = "[CP] Copy Pods Resources";
			outputPaths = (
			);
			runOnlyForDeploymentPostprocessing = 0;
			shellPath = /bin/sh;
			shellScript = "\"${SRCROOT}/Pods/Target Support Files/Pods-YSWeibo/Pods-YSWeibo-resources.sh\"\n";
			showEnvVarsInLog = 0;
		};
		6238081380B2253CCEBF5F4B /* [CP] Embed Pods Frameworks */ = {
			isa = PBXShellScriptBuildPhase;
			buildActionMask = 2147483647;
			files = (
			);
			inputPaths = (
			);
			name = "[CP] Embed Pods Frameworks";
			outputPaths = (
			);
			runOnlyForDeploymentPostprocessing = 0;
			shellPath = /bin/sh;
			shellScript = "\"${SRCROOT}/Pods/Target Support Files/Pods-YSWeiboUITests/Pods-YSWeiboUITests-frameworks.sh\"\n";
			showEnvVarsInLog = 0;
		};
		DC163A1BA5B59A5941B331B9 /* [CP] Check Pods Manifest.lock */ = {
			isa = PBXShellScriptBuildPhase;
			buildActionMask = 2147483647;
			files = (
			);
			inputPaths = (
			);
			name = "[CP] Check Pods Manifest.lock";
			outputPaths = (
			);
			runOnlyForDeploymentPostprocessing = 0;
			shellPath = /bin/sh;
			shellScript = "diff \"${PODS_PODFILE_DIR_PATH}/Podfile.lock\" \"${PODS_ROOT}/Manifest.lock\" > /dev/null\nif [ $? != 0 ] ; then\n    # print error to STDERR\n    echo \"error: The sandbox is not in sync with the Podfile.lock. Run 'pod install' or update your CocoaPods installation.\" >&2\n    exit 1\nfi\n";
			showEnvVarsInLog = 0;
		};
		F2C958F2D3C5FF37CDD4DD00 /* [CP] Copy Pods Resources */ = {
			isa = PBXShellScriptBuildPhase;
			buildActionMask = 2147483647;
			files = (
			);
			inputPaths = (
			);
			name = "[CP] Copy Pods Resources";
			outputPaths = (
			);
			runOnlyForDeploymentPostprocessing = 0;
			shellPath = /bin/sh;
			shellScript = "\"${SRCROOT}/Pods/Target Support Files/Pods-YSWeiboUITests/Pods-YSWeiboUITests-resources.sh\"\n";
			showEnvVarsInLog = 0;
		};
/* End PBXShellScriptBuildPhase section */

/* Begin PBXSourcesBuildPhase section */
		0953419B1F16919400297D2C /* Sources */ = {
			isa = PBXSourcesBuildPhase;
			buildActionMask = 2147483647;
			files = (
				094293931F222290008F3515 /* TitleButton.swift in Sources */,
				095341D71F16966F00297D2C /* MainViewController.swift in Sources */,
				095341DD1F169A0E00297D2C /* MessageViewController.swift in Sources */,
				09B60B761F30868D00275921 /* NetworkManagerFactory.swift in Sources */,
				095341A51F16919400297D2C /* ViewController.swift in Sources */,
				09B60B6E1F30513F00275921 /* NetworkManager.swift in Sources */,
				096DE8B51F1C7550002973E4 /* UIButton-Extension.swift in Sources */,
				095341A31F16919400297D2C /* AppDelegate.swift in Sources */,
				096DE8B71F1C75B1002973E4 /* UIButtonItem-Extension.swift in Sources */,
				094293911F22076B008F3515 /* UIHomePresentationController.swift in Sources */,
				095341DF1F169A1C00297D2C /* ProfileViewController.swift in Sources */,
				09DF6D121F1B48890042A30E /* BaseViewController.swift in Sources */,
				94CF8C541F29AB7800262B1C /* PopoverAnimator.swift in Sources */,
				09B60B701F30517B00275921 /* NetworkManagerProtocol.swift in Sources */,
				095341D91F16976B00297D2C /* HomeViewController.swift in Sources */,
				0978FD0A1F1B45EF00DDF284 /* VisitorView.swift in Sources */,
				095341DB1F1699FE00297D2C /* DiscoverViewController.swift in Sources */,
				0942938E1F21C087008F3515 /* PopupViewController.swift in Sources */,
			);
			runOnlyForDeploymentPostprocessing = 0;
		};
		095341AF1F16919400297D2C /* Sources */ = {
			isa = PBXSourcesBuildPhase;
			buildActionMask = 2147483647;
			files = (
				095341B81F16919400297D2C /* YSWeiboTests.swift in Sources */,
			);
			runOnlyForDeploymentPostprocessing = 0;
		};
		095341BA1F16919400297D2C /* Sources */ = {
			isa = PBXSourcesBuildPhase;
			buildActionMask = 2147483647;
			files = (
				095341C31F16919400297D2C /* YSWeiboUITests.swift in Sources */,
			);
			runOnlyForDeploymentPostprocessing = 0;
		};
/* End PBXSourcesBuildPhase section */

/* Begin PBXTargetDependency section */
		095341B51F16919400297D2C /* PBXTargetDependency */ = {
			isa = PBXTargetDependency;
			target = 0953419E1F16919400297D2C /* YSWeibo */;
			targetProxy = 095341B41F16919400297D2C /* PBXContainerItemProxy */;
		};
		095341C01F16919400297D2C /* PBXTargetDependency */ = {
			isa = PBXTargetDependency;
			target = 0953419E1F16919400297D2C /* YSWeibo */;
			targetProxy = 095341BF1F16919400297D2C /* PBXContainerItemProxy */;
		};
/* End PBXTargetDependency section */

/* Begin PBXVariantGroup section */
		095341A61F16919400297D2C /* Main.storyboard */ = {
			isa = PBXVariantGroup;
			children = (
				095341A71F16919400297D2C /* Base */,
			);
			name = Main.storyboard;
			sourceTree = "<group>";
		};
		095341AB1F16919400297D2C /* LaunchScreen.storyboard */ = {
			isa = PBXVariantGroup;
			children = (
				095341AC1F16919400297D2C /* Base */,
			);
			name = LaunchScreen.storyboard;
			sourceTree = "<group>";
		};
		0978FCF81F189C7700DDF284 /* Home.storyboard */ = {
			isa = PBXVariantGroup;
			children = (
				0978FCF91F189C7700DDF284 /* Base */,
			);
			name = Home.storyboard;
			path = ../..;
			sourceTree = "<group>";
		};
		0978FCFB1F189C9D00DDF284 /* Message.storyboard */ = {
			isa = PBXVariantGroup;
			children = (
				0978FCFC1F189C9D00DDF284 /* Base */,
			);
			name = Message.storyboard;
			path = ../..;
			sourceTree = "<group>";
		};
		0978FCFE1F189CB400DDF284 /* Discover.storyboard */ = {
			isa = PBXVariantGroup;
			children = (
				0978FCFF1F189CB400DDF284 /* Base */,
			);
			name = Discover.storyboard;
			path = ../..;
			sourceTree = "<group>";
		};
		0978FD011F189CCB00DDF284 /* Profile.storyboard */ = {
			isa = PBXVariantGroup;
			children = (
				0978FD021F189CCB00DDF284 /* Base */,
			);
			name = Profile.storyboard;
			path = ../..;
			sourceTree = "<group>";
		};
/* End PBXVariantGroup section */

/* Begin XCBuildConfiguration section */
		095341C51F16919400297D2C /* Debug */ = {
			isa = XCBuildConfiguration;
			buildSettings = {
				ALWAYS_SEARCH_USER_PATHS = NO;
				CLANG_ANALYZER_NONNULL = YES;
				CLANG_ANALYZER_NUMBER_OBJECT_CONVERSION = YES_AGGRESSIVE;
				CLANG_CXX_LANGUAGE_STANDARD = "gnu++0x";
				CLANG_CXX_LIBRARY = "libc++";
				CLANG_ENABLE_MODULES = YES;
				CLANG_ENABLE_OBJC_ARC = YES;
				CLANG_WARN_BOOL_CONVERSION = YES;
				CLANG_WARN_CONSTANT_CONVERSION = YES;
				CLANG_WARN_DIRECT_OBJC_ISA_USAGE = YES_ERROR;
				CLANG_WARN_DOCUMENTATION_COMMENTS = YES;
				CLANG_WARN_EMPTY_BODY = YES;
				CLANG_WARN_ENUM_CONVERSION = YES;
				CLANG_WARN_INFINITE_RECURSION = YES;
				CLANG_WARN_INT_CONVERSION = YES;
				CLANG_WARN_OBJC_ROOT_CLASS = YES_ERROR;
				CLANG_WARN_SUSPICIOUS_MOVE = YES;
				CLANG_WARN_UNREACHABLE_CODE = YES;
				CLANG_WARN__DUPLICATE_METHOD_MATCH = YES;
				"CODE_SIGN_IDENTITY[sdk=iphoneos*]" = "iPhone Developer";
				COPY_PHASE_STRIP = NO;
				DEBUG_INFORMATION_FORMAT = dwarf;
				ENABLE_STRICT_OBJC_MSGSEND = YES;
				ENABLE_TESTABILITY = YES;
				GCC_C_LANGUAGE_STANDARD = gnu99;
				GCC_DYNAMIC_NO_PIC = NO;
				GCC_NO_COMMON_BLOCKS = YES;
				GCC_OPTIMIZATION_LEVEL = 0;
				GCC_PREPROCESSOR_DEFINITIONS = (
					"DEBUG=1",
					"$(inherited)",
				);
				GCC_WARN_64_TO_32_BIT_CONVERSION = YES;
				GCC_WARN_ABOUT_RETURN_TYPE = YES_ERROR;
				GCC_WARN_UNDECLARED_SELECTOR = YES;
				GCC_WARN_UNINITIALIZED_AUTOS = YES_AGGRESSIVE;
				GCC_WARN_UNUSED_FUNCTION = YES;
				GCC_WARN_UNUSED_VARIABLE = YES;
				IPHONEOS_DEPLOYMENT_TARGET = 10.3;
				MTL_ENABLE_DEBUG_INFO = YES;
				ONLY_ACTIVE_ARCH = YES;
				SDKROOT = iphoneos;
				SWIFT_ACTIVE_COMPILATION_CONDITIONS = DEBUG;
				SWIFT_OPTIMIZATION_LEVEL = "-Onone";
				TARGETED_DEVICE_FAMILY = "1,2";
			};
			name = Debug;
		};
		095341C61F16919400297D2C /* Release */ = {
			isa = XCBuildConfiguration;
			buildSettings = {
				ALWAYS_SEARCH_USER_PATHS = NO;
				CLANG_ANALYZER_NONNULL = YES;
				CLANG_ANALYZER_NUMBER_OBJECT_CONVERSION = YES_AGGRESSIVE;
				CLANG_CXX_LANGUAGE_STANDARD = "gnu++0x";
				CLANG_CXX_LIBRARY = "libc++";
				CLANG_ENABLE_MODULES = YES;
				CLANG_ENABLE_OBJC_ARC = YES;
				CLANG_WARN_BOOL_CONVERSION = YES;
				CLANG_WARN_CONSTANT_CONVERSION = YES;
				CLANG_WARN_DIRECT_OBJC_ISA_USAGE = YES_ERROR;
				CLANG_WARN_DOCUMENTATION_COMMENTS = YES;
				CLANG_WARN_EMPTY_BODY = YES;
				CLANG_WARN_ENUM_CONVERSION = YES;
				CLANG_WARN_INFINITE_RECURSION = YES;
				CLANG_WARN_INT_CONVERSION = YES;
				CLANG_WARN_OBJC_ROOT_CLASS = YES_ERROR;
				CLANG_WARN_SUSPICIOUS_MOVE = YES;
				CLANG_WARN_UNREACHABLE_CODE = YES;
				CLANG_WARN__DUPLICATE_METHOD_MATCH = YES;
				"CODE_SIGN_IDENTITY[sdk=iphoneos*]" = "iPhone Developer";
				COPY_PHASE_STRIP = NO;
				DEBUG_INFORMATION_FORMAT = "dwarf-with-dsym";
				ENABLE_NS_ASSERTIONS = NO;
				ENABLE_STRICT_OBJC_MSGSEND = YES;
				GCC_C_LANGUAGE_STANDARD = gnu99;
				GCC_NO_COMMON_BLOCKS = YES;
				GCC_WARN_64_TO_32_BIT_CONVERSION = YES;
				GCC_WARN_ABOUT_RETURN_TYPE = YES_ERROR;
				GCC_WARN_UNDECLARED_SELECTOR = YES;
				GCC_WARN_UNINITIALIZED_AUTOS = YES_AGGRESSIVE;
				GCC_WARN_UNUSED_FUNCTION = YES;
				GCC_WARN_UNUSED_VARIABLE = YES;
				IPHONEOS_DEPLOYMENT_TARGET = 10.3;
				MTL_ENABLE_DEBUG_INFO = NO;
				SDKROOT = iphoneos;
				SWIFT_OPTIMIZATION_LEVEL = "-Owholemodule";
				TARGETED_DEVICE_FAMILY = "1,2";
				VALIDATE_PRODUCT = YES;
			};
			name = Release;
		};
		095341C81F16919400297D2C /* Debug */ = {
			isa = XCBuildConfiguration;
			baseConfigurationReference = 59448915BD58BE9803EDCB99 /* Pods-YSWeibo.debug.xcconfig */;
			buildSettings = {
				ASSETCATALOG_COMPILER_APPICON_NAME = AppIcon;
				DEVELOPMENT_TEAM = ZAZT4JZ625;
				INFOPLIST_FILE = YSWeibo/Info.plist;
				LD_RUNPATH_SEARCH_PATHS = "$(inherited) @executable_path/Frameworks";
				PRODUCT_BUNDLE_IDENTIFIER = com.airlymo.YSWeibo;
				PRODUCT_NAME = "$(TARGET_NAME)";
				SWIFT_VERSION = 3.0;
			};
			name = Debug;
		};
		095341C91F16919400297D2C /* Release */ = {
			isa = XCBuildConfiguration;
			baseConfigurationReference = 6C7B97A0DE8D29D5DAB091AE /* Pods-YSWeibo.release.xcconfig */;
			buildSettings = {
				ASSETCATALOG_COMPILER_APPICON_NAME = AppIcon;
				DEVELOPMENT_TEAM = ZAZT4JZ625;
				INFOPLIST_FILE = YSWeibo/Info.plist;
				LD_RUNPATH_SEARCH_PATHS = "$(inherited) @executable_path/Frameworks";
				PRODUCT_BUNDLE_IDENTIFIER = com.airlymo.YSWeibo;
				PRODUCT_NAME = "$(TARGET_NAME)";
				SWIFT_VERSION = 3.0;
			};
			name = Release;
		};
		095341CB1F16919400297D2C /* Debug */ = {
			isa = XCBuildConfiguration;
			baseConfigurationReference = A9E2774F97D8BFA6486FF183 /* Pods-YSWeiboTests.debug.xcconfig */;
			buildSettings = {
				ALWAYS_EMBED_SWIFT_STANDARD_LIBRARIES = YES;
				BUNDLE_LOADER = "$(TEST_HOST)";
				DEVELOPMENT_TEAM = ZAZT4JZ625;
				INFOPLIST_FILE = YSWeiboTests/Info.plist;
				LD_RUNPATH_SEARCH_PATHS = "$(inherited) @executable_path/Frameworks @loader_path/Frameworks";
				PRODUCT_BUNDLE_IDENTIFIER = com.airlymo.YSWeiboTests;
				PRODUCT_NAME = "$(TARGET_NAME)";
				SWIFT_VERSION = 3.0;
				TEST_HOST = "$(BUILT_PRODUCTS_DIR)/YSWeibo.app/YSWeibo";
			};
			name = Debug;
		};
		095341CC1F16919400297D2C /* Release */ = {
			isa = XCBuildConfiguration;
			baseConfigurationReference = 51F541793794589C3F08E028 /* Pods-YSWeiboTests.release.xcconfig */;
			buildSettings = {
				ALWAYS_EMBED_SWIFT_STANDARD_LIBRARIES = YES;
				BUNDLE_LOADER = "$(TEST_HOST)";
				DEVELOPMENT_TEAM = ZAZT4JZ625;
				INFOPLIST_FILE = YSWeiboTests/Info.plist;
				LD_RUNPATH_SEARCH_PATHS = "$(inherited) @executable_path/Frameworks @loader_path/Frameworks";
				PRODUCT_BUNDLE_IDENTIFIER = com.airlymo.YSWeiboTests;
				PRODUCT_NAME = "$(TARGET_NAME)";
				SWIFT_VERSION = 3.0;
				TEST_HOST = "$(BUILT_PRODUCTS_DIR)/YSWeibo.app/YSWeibo";
			};
			name = Release;
		};
		095341CE1F16919400297D2C /* Debug */ = {
			isa = XCBuildConfiguration;
			baseConfigurationReference = 1ED8B841D1596E9E5814A229 /* Pods-YSWeiboUITests.debug.xcconfig */;
			buildSettings = {
				ALWAYS_EMBED_SWIFT_STANDARD_LIBRARIES = YES;
				DEVELOPMENT_TEAM = ZAZT4JZ625;
				INFOPLIST_FILE = YSWeiboUITests/Info.plist;
				LD_RUNPATH_SEARCH_PATHS = "$(inherited) @executable_path/Frameworks @loader_path/Frameworks";
				PRODUCT_BUNDLE_IDENTIFIER = com.airlymo.YSWeiboUITests;
				PRODUCT_NAME = "$(TARGET_NAME)";
				SWIFT_VERSION = 3.0;
				TEST_TARGET_NAME = YSWeibo;
			};
			name = Debug;
		};
		095341CF1F16919400297D2C /* Release */ = {
			isa = XCBuildConfiguration;
			baseConfigurationReference = 5C9E1BBD86C0B4B146F51530 /* Pods-YSWeiboUITests.release.xcconfig */;
			buildSettings = {
				ALWAYS_EMBED_SWIFT_STANDARD_LIBRARIES = YES;
				DEVELOPMENT_TEAM = ZAZT4JZ625;
				INFOPLIST_FILE = YSWeiboUITests/Info.plist;
				LD_RUNPATH_SEARCH_PATHS = "$(inherited) @executable_path/Frameworks @loader_path/Frameworks";
				PRODUCT_BUNDLE_IDENTIFIER = com.airlymo.YSWeiboUITests;
				PRODUCT_NAME = "$(TARGET_NAME)";
				SWIFT_VERSION = 3.0;
				TEST_TARGET_NAME = YSWeibo;
			};
			name = Release;
		};
/* End XCBuildConfiguration section */

/* Begin XCConfigurationList section */
		0953419A1F16919300297D2C /* Build configuration list for PBXProject "YSWeibo" */ = {
			isa = XCConfigurationList;
			buildConfigurations = (
				095341C51F16919400297D2C /* Debug */,
				095341C61F16919400297D2C /* Release */,
			);
			defaultConfigurationIsVisible = 0;
			defaultConfigurationName = Release;
		};
		095341C71F16919400297D2C /* Build configuration list for PBXNativeTarget "YSWeibo" */ = {
			isa = XCConfigurationList;
			buildConfigurations = (
				095341C81F16919400297D2C /* Debug */,
				095341C91F16919400297D2C /* Release */,
			);
			defaultConfigurationIsVisible = 0;
			defaultConfigurationName = Release;
		};
		095341CA1F16919400297D2C /* Build configuration list for PBXNativeTarget "YSWeiboTests" */ = {
			isa = XCConfigurationList;
			buildConfigurations = (
				095341CB1F16919400297D2C /* Debug */,
				095341CC1F16919400297D2C /* Release */,
			);
			defaultConfigurationIsVisible = 0;
			defaultConfigurationName = Release;
		};
		095341CD1F16919400297D2C /* Build configuration list for PBXNativeTarget "YSWeiboUITests" */ = {
			isa = XCConfigurationList;
			buildConfigurations = (
				095341CE1F16919400297D2C /* Debug */,
				095341CF1F16919400297D2C /* Release */,
			);
			defaultConfigurationIsVisible = 0;
			defaultConfigurationName = Release;
		};
/* End XCConfigurationList section */
	};
	rootObject = 095341971F16919300297D2C /* Project object */;
}
